<?xml version="1.0" encoding="utf-8"?>
<Project ToolsVersion="4.0" xmlns="http://schemas.microsoft.com/developer/msbuild/2003">
  <ItemGroup>
    <Filter Include="Исходные файлы">
      <UniqueIdentifier>{4FC737F1-C7A5-4376-A066-2A32D752A2FF}</UniqueIdentifier>
      <Extensions>cpp;c;cc;cxx;def;odl;idl;hpj;bat;asm;asmx</Extensions>
    </Filter>
    <Filter Include="Файлы заголовков">
      <UniqueIdentifier>{93995380-89BD-4b04-88EB-625FBE52EBFB}</UniqueIdentifier>
      <Extensions>h;hh;hpp;hxx;hm;inl;inc;ipp;xsd</Extensions>
    </Filter>
    <Filter Include="Файлы ресурсов">
      <UniqueIdentifier>{67DA6AB6-F800-4c08-8B7A-83BB121AAD01}</UniqueIdentifier>
      <Extensions>rc;ico;cur;bmp;dlg;rc2;rct;bin;rgs;gif;jpg;jpeg;jpe;resx;tiff;tif;png;wav;mfcribbon-ms</Extensions>
    </Filter>
    <Filter Include="Исходные файлы\zstd">
      <UniqueIdentifier>{9888c70f-e0eb-4b94-8b0f-44b6d213ba89}</UniqueIdentifier>
    </Filter>
    <Filter Include="Исходные файлы\zstd\common">
      <UniqueIdentifier>{2bd973a2-4f12-484a-be66-a3d12ee44a5f}</UniqueIdentifier>
    </Filter>
    <Filter Include="Исходные файлы\zstd\compress">
      <UniqueIdentifier>{1b27254e-8c92-4b49-af5b-180c0426e93f}</UniqueIdentifier>
    </Filter>
    <Filter Include="Исходные файлы\zstd\decompress">
      <UniqueIdentifier>{6f9b76c2-f1a6-49ff-ab4d-8c172e1fd805}</UniqueIdentifier>
    </Filter>
    <Filter Include="Исходные файлы\zstd\dictBuilder">
      <UniqueIdentifier>{d3b76298-b38f-4fe9-bfc2-fdfaa92e9efc}</UniqueIdentifier>
    </Filter>
    <Filter Include="Исходные файлы\zstd\legacy">
      <UniqueIdentifier>{4f85c85e-c242-42f6-8c6c-6ac99046b83e}</UniqueIdentifier>
    </Filter>
  </ItemGroup>
  <ItemGroup>
    <ClInclude Include="resource.h">
      <Filter>Файлы заголовков</Filter>
    </ClInclude>
    <ClInclude Include="MediaServerDialog.h">
      <Filter>Файлы заголовков</Filter>
    </ClInclude>
    <ClInclude Include="MediaServerInitMFC.h">
      <Filter>Файлы заголовков</Filter>
    </ClInclude>
    <ClInclude Include="MediaServerTask.h">
      <Filter>Файлы заголовков</Filter>
    </ClInclude>
    <ClInclude Include="pch.h">
      <Filter>Файлы заголовков</Filter>
    </ClInclude>
    <ClInclude Include="MediaServerMediaFoldersDialog.h">
      <Filter>Файлы заголовков</Filter>
    </ClInclude>
    <ClInclude Include="zstd\common\bits.h">
      <Filter>Исходные файлы\zstd\common</Filter>
    </ClInclude>
    <ClInclude Include="zstd\common\bitstream.h">
      <Filter>Исходные файлы\zstd\common</Filter>
    </ClInclude>
    <ClInclude Include="zstd\common\compiler.h">
      <Filter>Исходные файлы\zstd\common</Filter>
    </ClInclude>
    <ClInclude Include="zstd\common\cpu.h">
      <Filter>Исходные файлы\zstd\common</Filter>
    </ClInclude>
    <ClInclude Include="zstd\common\debug.h">
      <Filter>Исходные файлы\zstd\common</Filter>
    </ClInclude>
    <ClInclude Include="zstd\common\error_private.h">
      <Filter>Исходные файлы\zstd\common</Filter>
    </ClInclude>
    <ClInclude Include="zstd\common\fse.h">
      <Filter>Исходные файлы\zstd\common</Filter>
    </ClInclude>
    <ClInclude Include="zstd\common\huf.h">
      <Filter>Исходные файлы\zstd\common</Filter>
    </ClInclude>
    <ClInclude Include="zstd\common\mem.h">
      <Filter>Исходные файлы\zstd\common</Filter>
    </ClInclude>
    <ClInclude Include="zstd\common\pool.h">
      <Filter>Исходные файлы\zstd\common</Filter>
    </ClInclude>
    <ClInclude Include="zstd\common\portability_macros.h">
      <Filter>Исходные файлы\zstd\common</Filter>
    </ClInclude>
    <ClInclude Include="zstd\common\threading.h">
      <Filter>Исходные файлы\zstd\common</Filter>
    </ClInclude>
    <ClInclude Include="zstd\common\xxhash.h">
      <Filter>Исходные файлы\zstd\common</Filter>
    </ClInclude>
    <ClInclude Include="zstd\common\zstd_deps.h">
      <Filter>Исходные файлы\zstd\common</Filter>
    </ClInclude>
    <ClInclude Include="zstd\common\zstd_internal.h">
      <Filter>Исходные файлы\zstd\common</Filter>
    </ClInclude>
    <ClInclude Include="zstd\common\zstd_trace.h">
      <Filter>Исходные файлы\zstd\common</Filter>
    </ClInclude>
    <ClInclude Include="zstd\compress\clevels.h">
      <Filter>Исходные файлы\zstd\compress</Filter>
    </ClInclude>
    <ClInclude Include="zstd\compress\hist.h">
      <Filter>Исходные файлы\zstd\compress</Filter>
    </ClInclude>
    <ClInclude Include="zstd\compress\zstdmt_compress.h">
      <Filter>Исходные файлы\zstd\compress</Filter>
    </ClInclude>
    <ClInclude Include="zstd\compress\zstd_compress_internal.h">
      <Filter>Исходные файлы\zstd\compress</Filter>
    </ClInclude>
    <ClInclude Include="zstd\compress\zstd_compress_literals.h">
      <Filter>Исходные файлы\zstd\compress</Filter>
    </ClInclude>
    <ClInclude Include="zstd\compress\zstd_compress_sequences.h">
      <Filter>Исходные файлы\zstd\compress</Filter>
    </ClInclude>
    <ClInclude Include="zstd\compress\zstd_compress_superblock.h">
      <Filter>Исходные файлы\zstd\compress</Filter>
    </ClInclude>
    <ClInclude Include="zstd\compress\zstd_cwksp.h">
      <Filter>Исходные файлы\zstd\compress</Filter>
    </ClInclude>
    <ClInclude Include="zstd\compress\zstd_double_fast.h">
      <Filter>Исходные файлы\zstd\compress</Filter>
    </ClInclude>
    <ClInclude Include="zstd\compress\zstd_fast.h">
      <Filter>Исходные файлы\zstd\compress</Filter>
    </ClInclude>
    <ClInclude Include="zstd\compress\zstd_lazy.h">
      <Filter>Исходные файлы\zstd\compress</Filter>
    </ClInclude>
    <ClInclude Include="zstd\compress\zstd_ldm.h">
      <Filter>Исходные файлы\zstd\compress</Filter>
    </ClInclude>
    <ClInclude Include="zstd\compress\zstd_ldm_geartab.h">
      <Filter>Исходные файлы\zstd\compress</Filter>
    </ClInclude>
    <ClInclude Include="zstd\compress\zstd_opt.h">
      <Filter>Исходные файлы\zstd\compress</Filter>
    </ClInclude>
    <ClInclude Include="zstd\decompress\zstd_ddict.h">
      <Filter>Исходные файлы\zstd\decompress</Filter>
    </ClInclude>
    <ClInclude Include="zstd\decompress\zstd_decompress_block.h">
      <Filter>Исходные файлы\zstd\decompress</Filter>
    </ClInclude>
    <ClInclude Include="zstd\decompress\zstd_decompress_internal.h">
      <Filter>Исходные файлы\zstd\decompress</Filter>
    </ClInclude>
    <ClInclude Include="zstd\dictBuilder\cover.h">
      <Filter>Исходные файлы\zstd\dictBuilder</Filter>
    </ClInclude>
    <ClInclude Include="zstd\dictBuilder\divsufsort.h">
      <Filter>Исходные файлы\zstd\dictBuilder</Filter>
    </ClInclude>
    <ClInclude Include="zstd\legacy\zstd_legacy.h">
      <Filter>Исходные файлы\zstd\legacy</Filter>
    </ClInclude>
    <ClInclude Include="zstd\legacy\zstd_v04.h">
      <Filter>Исходные файлы\zstd\legacy</Filter>
    </ClInclude>
    <ClInclude Include="zstd\legacy\zstd_v05.h">
      <Filter>Исходные файлы\zstd\legacy</Filter>
    </ClInclude>
    <ClInclude Include="zstd\legacy\zstd_v06.h">
      <Filter>Исходные файлы\zstd\legacy</Filter>
    </ClInclude>
    <ClInclude Include="zstd\legacy\zstd_v07.h">
      <Filter>Исходные файлы\zstd\legacy</Filter>
    </ClInclude>
    <ClInclude Include="zstd\zdict.h">
      <Filter>Исходные файлы\zstd</Filter>
    </ClInclude>
    <ClInclude Include="zstd\zstd.h">
      <Filter>Исходные файлы\zstd</Filter>
    </ClInclude>
    <ClInclude Include="zstd\zstd_errors.h">
      <Filter>Исходные файлы\zstd</Filter>
    </ClInclude>
  </ItemGroup>
  <ItemGroup>
    <ClCompile Include="MediaServerInitMFC.cpp">
      <Filter>Исходные файлы</Filter>
    </ClCompile>
    <ClCompile Include="MediaServerDialog.cpp">
      <Filter>Исходные файлы</Filter>
    </ClCompile>
    <ClCompile Include="MediaServerTask.cpp">
      <Filter>Исходные файлы</Filter>
    </ClCompile>
    <ClCompile Include="CommonLibraries.cpp">
      <Filter>Исходные файлы</Filter>
    </ClCompile>
    <ClCompile Include="pch.cpp">
      <Filter>Исходные файлы</Filter>
    </ClCompile>
    <ClCompile Include="MediaServerMediaFoldersDialog.cpp">
      <Filter>Исходные файлы</Filter>
    </ClCompile>
    <ClCompile Include="..\Third-Party\Extra\app_font.cpp">
      <Filter>Исходные файлы</Filter>
    </ClCompile>
    <ClCompile Include="..\Third-Party\Extra\app_style_blue.cpp">
      <Filter>Исходные файлы</Filter>
    </ClCompile>
    <ClCompile Include="zstd\common\debug.c">
      <Filter>Исходные файлы\zstd\common</Filter>
    </ClCompile>
    <ClCompile Include="zstd\common\entropy_common.c">
      <Filter>Исходные файлы\zstd\common</Filter>
    </ClCompile>
    <ClCompile Include="zstd\common\error_private.c">
      <Filter>Исходные файлы\zstd\common</Filter>
    </ClCompile>
    <ClCompile Include="zstd\common\fse_decompress.c">
      <Filter>Исходные файлы\zstd\common</Filter>
    </ClCompile>
    <ClCompile Include="zstd\common\pool.c">
      <Filter>Исходные файлы\zstd\common</Filter>
    </ClCompile>
    <ClCompile Include="zstd\common\threading.c">
      <Filter>Исходные файлы\zstd\common</Filter>
    </ClCompile>
    <ClCompile Include="zstd\common\xxhash.c">
      <Filter>Исходные файлы\zstd\common</Filter>
    </ClCompile>
    <ClCompile Include="zstd\common\zstd_common.c">
      <Filter>Исходные файлы\zstd\common</Filter>
    </ClCompile>
    <ClCompile Include="zstd\compress\fse_compress.c">
      <Filter>Исходные файлы\zstd\compress</Filter>
    </ClCompile>
    <ClCompile Include="zstd\compress\hist.c">
      <Filter>Исходные файлы\zstd\compress</Filter>
    </ClCompile>
    <ClCompile Include="zstd\compress\huf_compress.c">
      <Filter>Исходные файлы\zstd\compress</Filter>
    </ClCompile>
    <ClCompile Include="zstd\compress\zstdmt_compress.c">
      <Filter>Исходные файлы\zstd\compress</Filter>
    </ClCompile>
    <ClCompile Include="zstd\compress\zstd_compress.c">
      <Filter>Исходные файлы\zstd\compress</Filter>
    </ClCompile>
    <ClCompile Include="zstd\compress\zstd_compress_literals.c">
      <Filter>Исходные файлы\zstd\compress</Filter>
    </ClCompile>
    <ClCompile Include="zstd\compress\zstd_compress_sequences.c">
      <Filter>Исходные файлы\zstd\compress</Filter>
    </ClCompile>
    <ClCompile Include="zstd\compress\zstd_compress_superblock.c">
      <Filter>Исходные файлы\zstd\compress</Filter>
    </ClCompile>
    <ClCompile Include="zstd\compress\zstd_double_fast.c">
      <Filter>Исходные файлы\zstd\compress</Filter>
    </ClCompile>
    <ClCompile Include="zstd\compress\zstd_fast.c">
      <Filter>Исходные файлы\zstd\compress</Filter>
    </ClCompile>
    <ClCompile Include="zstd\compress\zstd_lazy.c">
      <Filter>Исходные файлы\zstd\compress</Filter>
    </ClCompile>
    <ClCompile Include="zstd\compress\zstd_ldm.c">
      <Filter>Исходные файлы\zstd\compress</Filter>
    </ClCompile>
    <ClCompile Include="zstd\compress\zstd_opt.c">
      <Filter>Исходные файлы\zstd\compress</Filter>
    </ClCompile>
    <ClCompile Include="zstd\decompress\huf_decompress.c">
      <Filter>Исходные файлы\zstd\decompress</Filter>
    </ClCompile>
    <ClCompile Include="zstd\decompress\zstd_ddict.c">
      <Filter>Исходные файлы\zstd\decompress</Filter>
    </ClCompile>
    <ClCompile Include="zstd\decompress\zstd_decompress.c">
      <Filter>Исходные файлы\zstd\decompress</Filter>
    </ClCompile>
    <ClCompile Include="zstd\decompress\zstd_decompress_block.c">
      <Filter>Исходные файлы\zstd\decompress</Filter>
    </ClCompile>
    <ClCompile Include="zstd\dictBuilder\cover.c">
      <Filter>Исходные файлы\zstd\dictBuilder</Filter>
    </ClCompile>
    <ClCompile Include="zstd\dictBuilder\divsufsort.c">
      <Filter>Исходные файлы\zstd\dictBuilder</Filter>
    </ClCompile>
    <ClCompile Include="zstd\dictBuilder\fastcover.c">
      <Filter>Исходные файлы\zstd\dictBuilder</Filter>
    </ClCompile>
    <ClCompile Include="zstd\dictBuilder\zdict.c">
      <Filter>Исходные файлы\zstd\dictBuilder</Filter>
    </ClCompile>
    <ClCompile Include="zstd\legacy\zstd_v04.c">
      <Filter>Исходные файлы\zstd\legacy</Filter>
    </ClCompile>
    <ClCompile Include="zstd\legacy\zstd_v05.c">
      <Filter>Исходные файлы\zstd\legacy</Filter>
    </ClCompile>
    <ClCompile Include="zstd\legacy\zstd_v06.c">
      <Filter>Исходные файлы\zstd\legacy</Filter>
    </ClCompile>
    <ClCompile Include="zstd\legacy\zstd_v07.c">
      <Filter>Исходные файлы\zstd\legacy</Filter>
    </ClCompile>
  </ItemGroup>
  <ItemGroup>
    <ResourceCompile Include="MediaServer.rc">
      <Filter>Файлы ресурсов</Filter>
    </ResourceCompile>
  </ItemGroup>
  <ItemGroup>
    <None Include="Res\Cursor.cur">
      <Filter>Файлы ресурсов</Filter>
    </None>
    <None Include="Res\Logo.svg">
      <Filter>Файлы ресурсов</Filter>
    </None>
    <None Include="Res\Delete.svg">
      <Filter>Файлы ресурсов</Filter>
    </None>
    <None Include="Res\folder_add.svg">
      <Filter>Файлы ресурсов</Filter>
    </None>
    <None Include="Res\audio_stop.svg">
      <Filter>Файлы ресурсов</Filter>
    </None>
  </ItemGroup>
  <ItemGroup>
    <Image Include="Res\Icon.ico">
      <Filter>Файлы ресурсов</Filter>
    </Image>
  </ItemGroup>
</Project>