
Microsoft Visual Studio Solution File, Format Version 12.00
# Visual Studio Version 17
VisualStudioVersion = 17.0.32126.317
MinimumVisualStudioVersion = 10.0.40219.1
Project("{8BC9CEB8-8B4A-11D0-8D11-00A0C91BC942}") = "MediaServer", "MediaServer\MediaServer.vcxproj", "{0BF055E3-C518-46E1-8A86-3ED639560D88}"
EndProject
Project("{2150E333-8FDC-42A3-9474-1A3956D46DE8}") = "Bin", "Bin", "{CD4B8D30-B880-4644-80FB-4E65ACA39608}"
EndProject
Project("{2150E333-8FDC-42A3-9474-1A3956D46DE8}") = "Libs", "Libs", "{F7F33708-0A3D-44EA-9565-D80D970312A6}"
EndProject
Project("{8BC9CEB8-8B4A-11D0-8D11-00A0C91BC942}") = "libimage", "Third-Party\libimage\libimage.vcxproj", "{D6973076-9317-4EF2-A0B8-B7A18AC0713E}"
EndProject
Project("{8BC9CEB8-8B4A-11D0-8D11-00A0C91BC942}") = "components_mfc", "Third-Party\Extra\components\components_mfc.vcxproj", "{433709A8-9119-4051-9593-2C0698ABF6BC}"
EndProject
Project("{2150E333-8FDC-42A3-9474-1A3956D46DE8}") = "Tools", "Tools", "{80B4F269-68E6-4900-A734-3A826353788E}"
EndProject
Project("{8BC9CEB8-8B4A-11D0-8D11-00A0C91BC942}") = "MakeSSL", "MakeSSL\MakeSSL.vcxproj", "{3ABA5434-B42D-4C76-BE9D-A50E21E1FC97}"
EndProject
Project("{8BC9CEB8-8B4A-11D0-8D11-00A0C91BC942}") = "USound", "Third-Party\USound\USound.vcxproj", "{60DA55F1-5825-3DA3-BF06-0BAFA6B95CDF}"
EndProject
Project("{8BC9CEB8-8B4A-11D0-8D11-00A0C91BC942}") = "id3v2", "Third-Party\USound\libs\id3v2lib\id3v2.vcxproj", "{980CC12E-E463-35F2-95FA-AB8BA20C6D16}"
EndProject
Project("{8BC9CEB8-8B4A-11D0-8D11-00A0C91BC942}") = "libogg", "Third-Party\USound\libs\libogg\libogg.vcxproj", "{1C22E4DD-1E42-3E22-A952-1CD0FD910E71}"
EndProject
Project("{8BC9CEB8-8B4A-11D0-8D11-00A0C91BC942}") = "libvorbis", "Third-Party\USound\libs\libvorbis\libvorbis.vcxproj", "{D9C2FDA1-8C50-390F-B9C2-4F5919E75505}"
EndProject
Project("{8BC9CEB8-8B4A-11D0-8D11-00A0C91BC942}") = "minimp3", "Third-Party\USound\libs\minimp3\minimp3.vcxproj", "{969EF30B-B20F-3C3C-9ADC-376E34055A6A}"
EndProject
Project("{2150E333-8FDC-42A3-9474-1A3956D46DE8}") = "XTPSkinFramework", "XTPSkinFramework", "{51D76BC2-779E-4DBD-BE41-E9492555BE4F}"
EndProject
Project("{8BC9CEB8-8B4A-11D0-8D11-00A0C91BC942}") = "Codejock.SkinFramework.Static", "Third-Party\XTPSkinFramework v20.1.0\SkinFrameworkStatic_vc160.vcxproj", "{44399486-2259-2815-3336-338422327369}"
EndProject
Project("{8BC9CEB8-8B4A-11D0-8D11-00A0C91BC942}") = "UStyleViewer", "Third-Party\XTPSkinFramework v20.1.0\UStyleViewer\UStyleViewer.vcxproj", "{EE5416F9-F299-4C01-BFCC-99C098F160B0}"
EndProject
Project("{8BC9CEB8-8B4A-11D0-8D11-00A0C91BC942}") = "SkinBuilder", "Third-Party\XTPSkinFramework v20.1.0\SkinBuilder\SkinBuilder.vcxproj", "{49D09CF9-44B0-407F-A5BA-581B3E4EE0E3}"
EndProject
Global
	GlobalSection(SolutionConfigurationPlatforms) = preSolution
		Release|x64 = Release|x64
	EndGlobalSection
	GlobalSection(ProjectConfigurationPlatforms) = postSolution
		{0BF055E3-C518-46E1-8A86-3ED639560D88}.Release|x64.ActiveCfg = Release|x64
		{0BF055E3-C518-46E1-8A86-3ED639560D88}.Release|x64.Build.0 = Release|x64
		{D6973076-9317-4EF2-A0B8-B7A18AC0713E}.Release|x64.ActiveCfg = Release|x64
		{D6973076-9317-4EF2-A0B8-B7A18AC0713E}.Release|x64.Build.0 = Release|x64
		{433709A8-9119-4051-9593-2C0698ABF6BC}.Release|x64.ActiveCfg = Release|x64
		{433709A8-9119-4051-9593-2C0698ABF6BC}.Release|x64.Build.0 = Release|x64
		{3ABA5434-B42D-4C76-BE9D-A50E21E1FC97}.Release|x64.ActiveCfg = Release|x64
		{3ABA5434-B42D-4C76-BE9D-A50E21E1FC97}.Release|x64.Build.0 = Release|x64
		{60DA55F1-5825-3DA3-BF06-0BAFA6B95CDF}.Release|x64.ActiveCfg = Release|x64
		{60DA55F1-5825-3DA3-BF06-0BAFA6B95CDF}.Release|x64.Build.0 = Release|x64
		{980CC12E-E463-35F2-95FA-AB8BA20C6D16}.Release|x64.ActiveCfg = Release|x64
		{980CC12E-E463-35F2-95FA-AB8BA20C6D16}.Release|x64.Build.0 = Release|x64
		{1C22E4DD-1E42-3E22-A952-1CD0FD910E71}.Release|x64.ActiveCfg = Release|x64
		{1C22E4DD-1E42-3E22-A952-1CD0FD910E71}.Release|x64.Build.0 = Release|x64
		{D9C2FDA1-8C50-390F-B9C2-4F5919E75505}.Release|x64.ActiveCfg = Release|x64
		{D9C2FDA1-8C50-390F-B9C2-4F5919E75505}.Release|x64.Build.0 = Release|x64
		{969EF30B-B20F-3C3C-9ADC-376E34055A6A}.Release|x64.ActiveCfg = Release|x64
		{969EF30B-B20F-3C3C-9ADC-376E34055A6A}.Release|x64.Build.0 = Release|x64
		{44399486-2259-2815-3336-338422327369}.Release|x64.ActiveCfg = Release|x64
		{44399486-2259-2815-3336-338422327369}.Release|x64.Build.0 = Release|x64
		{EE5416F9-F299-4C01-BFCC-99C098F160B0}.Release|x64.ActiveCfg = Release|x64
		{EE5416F9-F299-4C01-BFCC-99C098F160B0}.Release|x64.Build.0 = Release|x64
		{49D09CF9-44B0-407F-A5BA-581B3E4EE0E3}.Release|x64.ActiveCfg = Release|x64
		{49D09CF9-44B0-407F-A5BA-581B3E4EE0E3}.Release|x64.Build.0 = Release|x64
	EndGlobalSection
	GlobalSection(SolutionProperties) = preSolution
		HideSolutionNode = FALSE
	EndGlobalSection
	GlobalSection(NestedProjects) = preSolution
		{0BF055E3-C518-46E1-8A86-3ED639560D88} = {CD4B8D30-B880-4644-80FB-4E65ACA39608}
		{D6973076-9317-4EF2-A0B8-B7A18AC0713E} = {F7F33708-0A3D-44EA-9565-D80D970312A6}
		{433709A8-9119-4051-9593-2C0698ABF6BC} = {F7F33708-0A3D-44EA-9565-D80D970312A6}
		{3ABA5434-B42D-4C76-BE9D-A50E21E1FC97} = {80B4F269-68E6-4900-A734-3A826353788E}
		{60DA55F1-5825-3DA3-BF06-0BAFA6B95CDF} = {F7F33708-0A3D-44EA-9565-D80D970312A6}
		{980CC12E-E463-35F2-95FA-AB8BA20C6D16} = {F7F33708-0A3D-44EA-9565-D80D970312A6}
		{1C22E4DD-1E42-3E22-A952-1CD0FD910E71} = {F7F33708-0A3D-44EA-9565-D80D970312A6}
		{D9C2FDA1-8C50-390F-B9C2-4F5919E75505} = {F7F33708-0A3D-44EA-9565-D80D970312A6}
		{969EF30B-B20F-3C3C-9ADC-376E34055A6A} = {F7F33708-0A3D-44EA-9565-D80D970312A6}
		{44399486-2259-2815-3336-338422327369} = {51D76BC2-779E-4DBD-BE41-E9492555BE4F}
		{EE5416F9-F299-4C01-BFCC-99C098F160B0} = {51D76BC2-779E-4DBD-BE41-E9492555BE4F}
		{49D09CF9-44B0-407F-A5BA-581B3E4EE0E3} = {51D76BC2-779E-4DBD-BE41-E9492555BE4F}
	EndGlobalSection
	GlobalSection(ExtensibilityGlobals) = postSolution
		SolutionGuid = {B32CBEF9-E8B5-47D0-ACC7-9F34599540A5}
	EndGlobalSection
EndGlobal
