
Microsoft Visual Studio Solution File, Format Version 12.00
# Visual Studio Version 17
VisualStudioVersion = 17.0.31912.275
MinimumVisualStudioVersion = 10.0.40219.1
Project("{2150E333-8FDC-42A3-9474-1A3956D46DE8}") = "Lib", "Lib", "{E4C3DF87-C5FD-4A1D-9C6F-383D9745621D}"
EndProject
Project("{8BC9CEB8-8B4A-11D0-8D11-00A0C91BC942}") = "libimage", "Third-Party\libimage\libimage.vcxproj", "{D6973076-9317-4EF2-A0B8-B7A18AC0713E}"
EndProject
Project("{8BC9CEB8-8B4A-11D0-8D11-00A0C91BC942}") = "SSLRequest", "Common\SSLRequest\SSLRequest.vcxproj", "{2D129477-3904-41BB-8CED-5AFFD537F2EF}"
EndProject
Project("{8BC9CEB8-8B4A-11D0-8D11-00A0C91BC942}") = "MakeSSL", "MakeSSL\MakeSSL.vcxproj", "{3ABA5434-B42D-4C76-BE9D-A50E21E1FC97}"
EndProject
Project("{8BC9CEB8-8B4A-11D0-8D11-00A0C91BC942}") = "USound", "Third-Party\USound\USound.vcxproj", "{60DA55F1-5825-3DA3-BF06-0BAFA6B95CDF}"
EndProject
Project("{8BC9CEB8-8B4A-11D0-8D11-00A0C91BC942}") = "components", "Third-Party\Extra\components\components.vcxproj", "{B886E0F4-5D86-4AF7-87B7-66163CFD6E61}"
EndProject
Project("{8BC9CEB8-8B4A-11D0-8D11-00A0C91BC942}") = "components_mfc", "Third-Party\Extra\components\components_mfc.vcxproj", "{433709A8-9119-4051-9593-2C0698ABF6BC}"
EndProject
Project("{2150E333-8FDC-42A3-9474-1A3956D46DE8}") = "Common", "Common", "{904B4F87-0655-41A9-8E8C-C8970ADD3EAB}"
EndProject
Project("{2150E333-8FDC-42A3-9474-1A3956D46DE8}") = "Bin", "Bin", "{8BB3257B-EC6D-48A8-AC78-C4A4D2F8EC3C}"
EndProject
Project("{8BC9CEB8-8B4A-11D0-8D11-00A0C91BC942}") = "VK_Reverser", "VKApiTools\VK_Reverser\VK_Reverser.vcxproj", "{DF73C1AF-65D3-4726-9CE7-30734603CE41}"
EndProject
Project("{8BC9CEB8-8B4A-11D0-8D11-00A0C91BC942}") = "VKApiRequest", "VKApiTools\VKApiRequest\VKApiRequest.vcxproj", "{457FFCC6-598F-4D8A-B1B0-EF1A254CA6E9}"
EndProject
Project("{8BC9CEB8-8B4A-11D0-8D11-00A0C91BC942}") = "VKApiTools", "VKApiTools\VKApiTools\VKApiTools.vcxproj", "{51D1E062-91D3-48FE-8FD2-D2A9CC6149DA}"
EndProject
Project("{8BC9CEB8-8B4A-11D0-8D11-00A0C91BC942}") = "VKMusicSync", "VKApiTools\VKMusicSync\VKMusicSync.vcxproj", "{21D76B7E-A24F-4471-8533-A8A79159D4B1}"
EndProject
Project("{8BC9CEB8-8B4A-11D0-8D11-00A0C91BC942}") = "VKMusicSelect", "VKApiTools\VKMusicSelect\VKMusicSelect.vcxproj", "{0D8384AD-4117-46CE-B71A-4FCD546FD690}"
EndProject
Project("{8BC9CEB8-8B4A-11D0-8D11-00A0C91BC942}") = "VKApiMessagesDump", "VKApiTools\VKApiMessagesDump\VKApiMessagesDump.vcxproj", "{05931454-2735-4C14-B0B8-0256400D9504}"
EndProject
Project("{8BC9CEB8-8B4A-11D0-8D11-00A0C91BC942}") = "MediaServer", "MediaServer\MediaServer.vcxproj", "{0BF055E3-C518-46E1-8A86-3ED639560D88}"
EndProject
Project("{8BC9CEB8-8B4A-11D0-8D11-00A0C91BC942}") = "ColorMove", "Common\ColorMove\ColorMove.vcxproj", "{D8BAFD1F-ECE9-4240-8543-B4F8C5B394A6}"
EndProject
Project("{8BC9CEB8-8B4A-11D0-8D11-00A0C91BC942}") = "SectionPeEditor", "Common\SectionPeEditor\SectionPeEditor.vcxproj", "{CAD6D29F-D624-41DB-83AA-6734FF0E677B}"
EndProject
Project("{2150E333-8FDC-42A3-9474-1A3956D46DE8}") = "XTPSkinFramework", "XTPSkinFramework", "{6325BA07-393F-49FA-956A-6F481BF4D33B}"
EndProject
Project("{8BC9CEB8-8B4A-11D0-8D11-00A0C91BC942}") = "Diff_folders", "Common\Diff_folders\Diff_folders.vcxproj", "{6301AE54-19F8-4293-A84C-8FAA9F1F4ED5}"
EndProject
Project("{8BC9CEB8-8B4A-11D0-8D11-00A0C91BC942}") = "lame_mp3", "Third-Party\lame_mp3\lame_mp3.vcxproj", "{47CA2F82-664F-4DCF-95E2-51F90E0CCA14}"
EndProject
Project("{8BC9CEB8-8B4A-11D0-8D11-00A0C91BC942}") = "VKLoveSpamService", "VKApiTools\VKLoveSpamService\VKLoveSpamService.vcxproj", "{93A7368F-0C45-4D65-8046-32F2A55FDE25}"
EndProject
Project("{8BC9CEB8-8B4A-11D0-8D11-00A0C91BC942}") = "DiskHasher", "Common\DiskHasher\DiskHasher.vcxproj", "{E17DCDBC-F40C-4620-AC74-DCE6A067B902}"
EndProject
Project("{8BC9CEB8-8B4A-11D0-8D11-00A0C91BC942}") = "libzstd", "Third-Party\libzstd\libzstd.vcxproj", "{7954752C-4BEF-4A9A-BF1E-B34245BD4E80}"
EndProject
Project("{8BC9CEB8-8B4A-11D0-8D11-00A0C91BC942}") = "Utf8Check", "Common\Utf8Check\Utf8Check.vcxproj", "{0B901003-004D-4482-9C6A-747A58E7F96E}"
EndProject
Project("{8BC9CEB8-8B4A-11D0-8D11-00A0C91BC942}") = "ExchengeTokenTool", "VKApiTools\ExchengeTokenTool\ExchengeTokenTool.vcxproj", "{AEB0F80B-8E2B-432C-935D-9448E760565B}"
EndProject
Project("{8BC9CEB8-8B4A-11D0-8D11-00A0C91BC942}") = "Codejock.SkinFramework.Static", "Third-Party\XTPSkinFramework v22.1.0\SkinFrameworkStatic.vcxproj", "{44399486-2259-2815-3336-338422327369}"
EndProject
Project("{8BC9CEB8-8B4A-11D0-8D11-00A0C91BC942}") = "SkinBuilder", "Third-Party\XTPSkinFramework v22.1.0\SkinBuilder\SkinBuilder.vcxproj", "{49D09CF9-44B0-407F-A5BA-581B3E4EE0E3}"
EndProject
Project("{8BC9CEB8-8B4A-11D0-8D11-00A0C91BC942}") = "UStyleViewer", "Third-Party\XTPSkinFramework v22.1.0\UStyleViewer\UStyleViewer.vcxproj", "{EE5416F9-F299-4C01-BFCC-99C098F160B0}"
EndProject
Global
	GlobalSection(SolutionConfigurationPlatforms) = preSolution
		Release|x64 = Release|x64
	EndGlobalSection
	GlobalSection(ProjectConfigurationPlatforms) = postSolution
		{D6973076-9317-4EF2-A0B8-B7A18AC0713E}.Release|x64.ActiveCfg = Release|x64
		{D6973076-9317-4EF2-A0B8-B7A18AC0713E}.Release|x64.Build.0 = Release|x64
		{2D129477-3904-41BB-8CED-5AFFD537F2EF}.Release|x64.ActiveCfg = Release|x64
		{2D129477-3904-41BB-8CED-5AFFD537F2EF}.Release|x64.Build.0 = Release|x64
		{3ABA5434-B42D-4C76-BE9D-A50E21E1FC97}.Release|x64.ActiveCfg = Release|x64
		{3ABA5434-B42D-4C76-BE9D-A50E21E1FC97}.Release|x64.Build.0 = Release|x64
		{60DA55F1-5825-3DA3-BF06-0BAFA6B95CDF}.Release|x64.ActiveCfg = Release|x64
		{60DA55F1-5825-3DA3-BF06-0BAFA6B95CDF}.Release|x64.Build.0 = Release|x64
		{B886E0F4-5D86-4AF7-87B7-66163CFD6E61}.Release|x64.ActiveCfg = Release|x64
		{B886E0F4-5D86-4AF7-87B7-66163CFD6E61}.Release|x64.Build.0 = Release|x64
		{433709A8-9119-4051-9593-2C0698ABF6BC}.Release|x64.ActiveCfg = Release|x64
		{433709A8-9119-4051-9593-2C0698ABF6BC}.Release|x64.Build.0 = Release|x64
		{DF73C1AF-65D3-4726-9CE7-30734603CE41}.Release|x64.ActiveCfg = Release|x64
		{DF73C1AF-65D3-4726-9CE7-30734603CE41}.Release|x64.Build.0 = Release|x64
		{457FFCC6-598F-4D8A-B1B0-EF1A254CA6E9}.Release|x64.ActiveCfg = Release|x64
		{457FFCC6-598F-4D8A-B1B0-EF1A254CA6E9}.Release|x64.Build.0 = Release|x64
		{51D1E062-91D3-48FE-8FD2-D2A9CC6149DA}.Release|x64.ActiveCfg = Release|x64
		{51D1E062-91D3-48FE-8FD2-D2A9CC6149DA}.Release|x64.Build.0 = Release|x64
		{21D76B7E-A24F-4471-8533-A8A79159D4B1}.Release|x64.ActiveCfg = Release|x64
		{21D76B7E-A24F-4471-8533-A8A79159D4B1}.Release|x64.Build.0 = Release|x64
		{0D8384AD-4117-46CE-B71A-4FCD546FD690}.Release|x64.ActiveCfg = Release|x64
		{0D8384AD-4117-46CE-B71A-4FCD546FD690}.Release|x64.Build.0 = Release|x64
		{05931454-2735-4C14-B0B8-0256400D9504}.Release|x64.ActiveCfg = Release|x64
		{05931454-2735-4C14-B0B8-0256400D9504}.Release|x64.Build.0 = Release|x64
		{0BF055E3-C518-46E1-8A86-3ED639560D88}.Release|x64.ActiveCfg = Release|x64
		{0BF055E3-C518-46E1-8A86-3ED639560D88}.Release|x64.Build.0 = Release|x64
		{D8BAFD1F-ECE9-4240-8543-B4F8C5B394A6}.Release|x64.ActiveCfg = Release|x64
		{D8BAFD1F-ECE9-4240-8543-B4F8C5B394A6}.Release|x64.Build.0 = Release|x64
		{CAD6D29F-D624-41DB-83AA-6734FF0E677B}.Release|x64.ActiveCfg = Release|x64
		{CAD6D29F-D624-41DB-83AA-6734FF0E677B}.Release|x64.Build.0 = Release|x64
		{6301AE54-19F8-4293-A84C-8FAA9F1F4ED5}.Release|x64.ActiveCfg = Release|x64
		{6301AE54-19F8-4293-A84C-8FAA9F1F4ED5}.Release|x64.Build.0 = Release|x64
		{47CA2F82-664F-4DCF-95E2-51F90E0CCA14}.Release|x64.ActiveCfg = Release|x64
		{47CA2F82-664F-4DCF-95E2-51F90E0CCA14}.Release|x64.Build.0 = Release|x64
		{93A7368F-0C45-4D65-8046-32F2A55FDE25}.Release|x64.ActiveCfg = Release|x64
		{93A7368F-0C45-4D65-8046-32F2A55FDE25}.Release|x64.Build.0 = Release|x64
		{E17DCDBC-F40C-4620-AC74-DCE6A067B902}.Release|x64.ActiveCfg = Release|x64
		{E17DCDBC-F40C-4620-AC74-DCE6A067B902}.Release|x64.Build.0 = Release|x64
		{7954752C-4BEF-4A9A-BF1E-B34245BD4E80}.Release|x64.ActiveCfg = Release|x64
		{7954752C-4BEF-4A9A-BF1E-B34245BD4E80}.Release|x64.Build.0 = Release|x64
		{0B901003-004D-4482-9C6A-747A58E7F96E}.Release|x64.ActiveCfg = Release|x64
		{0B901003-004D-4482-9C6A-747A58E7F96E}.Release|x64.Build.0 = Release|x64
		{AEB0F80B-8E2B-432C-935D-9448E760565B}.Release|x64.ActiveCfg = Release|x64
		{AEB0F80B-8E2B-432C-935D-9448E760565B}.Release|x64.Build.0 = Release|x64
		{44399486-2259-2815-3336-338422327369}.Release|x64.ActiveCfg = Release|x64
		{44399486-2259-2815-3336-338422327369}.Release|x64.Build.0 = Release|x64
		{49D09CF9-44B0-407F-A5BA-581B3E4EE0E3}.Release|x64.ActiveCfg = Release|x64
		{49D09CF9-44B0-407F-A5BA-581B3E4EE0E3}.Release|x64.Build.0 = Release|x64
		{EE5416F9-F299-4C01-BFCC-99C098F160B0}.Release|x64.ActiveCfg = Release|x64
		{EE5416F9-F299-4C01-BFCC-99C098F160B0}.Release|x64.Build.0 = Release|x64
	EndGlobalSection
	GlobalSection(SolutionProperties) = preSolution
		HideSolutionNode = FALSE
	EndGlobalSection
	GlobalSection(NestedProjects) = preSolution
		{D6973076-9317-4EF2-A0B8-B7A18AC0713E} = {E4C3DF87-C5FD-4A1D-9C6F-383D9745621D}
		{2D129477-3904-41BB-8CED-5AFFD537F2EF} = {904B4F87-0655-41A9-8E8C-C8970ADD3EAB}
		{3ABA5434-B42D-4C76-BE9D-A50E21E1FC97} = {8BB3257B-EC6D-48A8-AC78-C4A4D2F8EC3C}
		{60DA55F1-5825-3DA3-BF06-0BAFA6B95CDF} = {E4C3DF87-C5FD-4A1D-9C6F-383D9745621D}
		{B886E0F4-5D86-4AF7-87B7-66163CFD6E61} = {E4C3DF87-C5FD-4A1D-9C6F-383D9745621D}
		{433709A8-9119-4051-9593-2C0698ABF6BC} = {E4C3DF87-C5FD-4A1D-9C6F-383D9745621D}
		{DF73C1AF-65D3-4726-9CE7-30734603CE41} = {8BB3257B-EC6D-48A8-AC78-C4A4D2F8EC3C}
		{457FFCC6-598F-4D8A-B1B0-EF1A254CA6E9} = {8BB3257B-EC6D-48A8-AC78-C4A4D2F8EC3C}
		{51D1E062-91D3-48FE-8FD2-D2A9CC6149DA} = {8BB3257B-EC6D-48A8-AC78-C4A4D2F8EC3C}
		{21D76B7E-A24F-4471-8533-A8A79159D4B1} = {8BB3257B-EC6D-48A8-AC78-C4A4D2F8EC3C}
		{0D8384AD-4117-46CE-B71A-4FCD546FD690} = {8BB3257B-EC6D-48A8-AC78-C4A4D2F8EC3C}
		{05931454-2735-4C14-B0B8-0256400D9504} = {8BB3257B-EC6D-48A8-AC78-C4A4D2F8EC3C}
		{0BF055E3-C518-46E1-8A86-3ED639560D88} = {8BB3257B-EC6D-48A8-AC78-C4A4D2F8EC3C}
		{D8BAFD1F-ECE9-4240-8543-B4F8C5B394A6} = {904B4F87-0655-41A9-8E8C-C8970ADD3EAB}
		{CAD6D29F-D624-41DB-83AA-6734FF0E677B} = {904B4F87-0655-41A9-8E8C-C8970ADD3EAB}
		{6325BA07-393F-49FA-956A-6F481BF4D33B} = {E4C3DF87-C5FD-4A1D-9C6F-383D9745621D}
		{6301AE54-19F8-4293-A84C-8FAA9F1F4ED5} = {904B4F87-0655-41A9-8E8C-C8970ADD3EAB}
		{47CA2F82-664F-4DCF-95E2-51F90E0CCA14} = {E4C3DF87-C5FD-4A1D-9C6F-383D9745621D}
		{93A7368F-0C45-4D65-8046-32F2A55FDE25} = {8BB3257B-EC6D-48A8-AC78-C4A4D2F8EC3C}
		{E17DCDBC-F40C-4620-AC74-DCE6A067B902} = {904B4F87-0655-41A9-8E8C-C8970ADD3EAB}
		{7954752C-4BEF-4A9A-BF1E-B34245BD4E80} = {E4C3DF87-C5FD-4A1D-9C6F-383D9745621D}
		{0B901003-004D-4482-9C6A-747A58E7F96E} = {904B4F87-0655-41A9-8E8C-C8970ADD3EAB}
		{AEB0F80B-8E2B-432C-935D-9448E760565B} = {8BB3257B-EC6D-48A8-AC78-C4A4D2F8EC3C}
		{44399486-2259-2815-3336-338422327369} = {6325BA07-393F-49FA-956A-6F481BF4D33B}
		{49D09CF9-44B0-407F-A5BA-581B3E4EE0E3} = {6325BA07-393F-49FA-956A-6F481BF4D33B}
		{EE5416F9-F299-4C01-BFCC-99C098F160B0} = {6325BA07-393F-49FA-956A-6F481BF4D33B}
	EndGlobalSection
	GlobalSection(ExtensibilityGlobals) = postSolution
		SolutionGuid = {EF495E62-7883-4E5D-95A3-71DA35677C85}
	EndGlobalSection
EndGlobal
